github.com/DATA-DOG/go-sqlmock v1.5.0 h1:Shsta01QNfFxHCfpW6YH2STWB0MudeXXEWMr20OEh60=
github.com/ViBiOh/httputils/v4 v4.21.1 h1:WWE0iiMd3lJjjp3Z6oi/U1XLd6cKM9TYSwoQtaz1Ows=
github.com/ViBiOh/httputils/v4 v4.21.1/go.mod h1:EHlIJgVJJATWyXZXzd+J4+Jl0Yz6Q790WydE+Y/3FFo=
github.com/lib/pq v1.10.2 h1:AqzbZs4ZoCBp+GtejcpCpcxM3zlSMx29dXbUSeVtJb8=
github.com/lib/pq v1.10.2/go.mod h1:AlVN5x4E4T544tWzH6hKfbfQvm3HdbOxrmggDNAPY9o=
